
Microsoft Visual Studio Solution File, Format Version 12.00
# Visual Studio Version 17
VisualStudioVersion = 17.0.31912.275
MinimumVisualStudioVersion = 10.0.40219.1
Project("{2150E333-8FDC-42A3-9474-1A3956D46DE8}") = "src", "src", "{7D317CFC-0C1A-4D10-AF8D-3F4C970E9CF0}"
EndProject
Project("{2150E333-8FDC-42A3-9474-1A3956D46DE8}") = "doc", "doc", "{372BD2B1-BFB5-4A92-89FC-2BD4ACCBB33F}"
EndProject
Project("{2150E333-8FDC-42A3-9474-1A3956D46DE8}") = "test", "test", "{91398C71-0686-4F41-A2D0-7993D95A9E99}"
EndProject
Project("{2150E333-8FDC-42A3-9474-1A3956D46DE8}") = "API", "API", "{369B5F00-0A8F-45F8-89E6-F1468B19FB4E}"
EndProject
Project("{2150E333-8FDC-42A3-9474-1A3956D46DE8}") = "Core", "Core", "{31D635DD-CBE6-46A7-BC67-D10690BBD8F6}"
EndProject
Project("{2150E333-8FDC-42A3-9474-1A3956D46DE8}") = "Infrastruture", "Infrastruture", "{8A45CDFE-2325-486E-849E-A76E94351205}"
EndProject
Project("{9A19103F-16F7-4668-BE54-9A1E7A4F7556}") = "CleanArchitecture.API", "CleanArchitecture.API\CleanArchitecture.API.csproj", "{8A23671D-1428-4144-B59C-AAAA1B270CD0}"
EndProject
Project("{9A19103F-16F7-4668-BE54-9A1E7A4F7556}") = "CleanArchitecture.Application", "CleanArchitecture.Application\CleanArchitecture.Application.csproj", "{B3CA07B1-8A8F-4E66-AA1D-F557AAD2B520}"
EndProject
Project("{9A19103F-16F7-4668-BE54-9A1E7A4F7556}") = "CleanArchitecture.Domain", "CleanArchitecture.Domain\CleanArchitecture.Domain.csproj", "{8EF0975E-48EE-4253-B4FB-6F404539C74A}"
EndProject
Project("{9A19103F-16F7-4668-BE54-9A1E7A4F7556}") = "CleanArchitecture.Infrastructure", "CleanArchitecture.Data\CleanArchitecture.Infrastructure.csproj", "{80884254-18B2-4DE6-ADC9-E117E97FD3B6}"
EndProject
Project("{9A19103F-16F7-4668-BE54-9A1E7A4F7556}") = "CleanArchitecture.Identity", "CleanArchitecture.Identity\CleanArchitecture.Identity.csproj", "{C3FA8178-8445-4E7F-94F4-D46D5EB3F62A}"
EndProject
Project("{FAE04EC0-301F-11D3-BF4B-00C04F79EFBC}") = "CleanArchitecture.Application.Test", "CleanArchitecture.Application.Test\CleanArchitecture.Application.Test.csproj", "{E167D73F-4D98-4CC2-9A53-DE6A5B0F8241}"
EndProject
Global
	GlobalSection(SolutionConfigurationPlatforms) = preSolution
		Debug|Any CPU = Debug|Any CPU
		Release|Any CPU = Release|Any CPU
	EndGlobalSection
	GlobalSection(ProjectConfigurationPlatforms) = postSolution
		{8A23671D-1428-4144-B59C-AAAA1B270CD0}.Debug|Any CPU.ActiveCfg = Debug|Any CPU
		{8A23671D-1428-4144-B59C-AAAA1B270CD0}.Debug|Any CPU.Build.0 = Debug|Any CPU
		{8A23671D-1428-4144-B59C-AAAA1B270CD0}.Release|Any CPU.ActiveCfg = Release|Any CPU
		{8A23671D-1428-4144-B59C-AAAA1B270CD0}.Release|Any CPU.Build.0 = Release|Any CPU
		{B3CA07B1-8A8F-4E66-AA1D-F557AAD2B520}.Debug|Any CPU.ActiveCfg = Debug|Any CPU
		{B3CA07B1-8A8F-4E66-AA1D-F557AAD2B520}.Debug|Any CPU.Build.0 = Debug|Any CPU
		{B3CA07B1-8A8F-4E66-AA1D-F557AAD2B520}.Release|Any CPU.ActiveCfg = Release|Any CPU
		{B3CA07B1-8A8F-4E66-AA1D-F557AAD2B520}.Release|Any CPU.Build.0 = Release|Any CPU
		{8EF0975E-48EE-4253-B4FB-6F404539C74A}.Debug|Any CPU.ActiveCfg = Debug|Any CPU
		{8EF0975E-48EE-4253-B4FB-6F404539C74A}.Debug|Any CPU.Build.0 = Debug|Any CPU
		{8EF0975E-48EE-4253-B4FB-6F404539C74A}.Release|Any CPU.ActiveCfg = Release|Any CPU
		{8EF0975E-48EE-4253-B4FB-6F404539C74A}.Release|Any CPU.Build.0 = Release|Any CPU
		{80884254-18B2-4DE6-ADC9-E117E97FD3B6}.Debug|Any CPU.ActiveCfg = Debug|Any CPU
		{80884254-18B2-4DE6-ADC9-E117E97FD3B6}.Debug|Any CPU.Build.0 = Debug|Any CPU
		{80884254-18B2-4DE6-ADC9-E117E97FD3B6}.Release|Any CPU.ActiveCfg = Release|Any CPU
		{80884254-18B2-4DE6-ADC9-E117E97FD3B6}.Release|Any CPU.Build.0 = Release|Any CPU
		{C3FA8178-8445-4E7F-94F4-D46D5EB3F62A}.Debug|Any CPU.ActiveCfg = Debug|Any CPU
		{C3FA8178-8445-4E7F-94F4-D46D5EB3F62A}.Debug|Any CPU.Build.0 = Debug|Any CPU
		{C3FA8178-8445-4E7F-94F4-D46D5EB3F62A}.Release|Any CPU.ActiveCfg = Release|Any CPU
		{C3FA8178-8445-4E7F-94F4-D46D5EB3F62A}.Release|Any CPU.Build.0 = Release|Any CPU
		{E167D73F-4D98-4CC2-9A53-DE6A5B0F8241}.Debug|Any CPU.ActiveCfg = Debug|Any CPU
		{E167D73F-4D98-4CC2-9A53-DE6A5B0F8241}.Debug|Any CPU.Build.0 = Debug|Any CPU
		{E167D73F-4D98-4CC2-9A53-DE6A5B0F8241}.Release|Any CPU.ActiveCfg = Release|Any CPU
		{E167D73F-4D98-4CC2-9A53-DE6A5B0F8241}.Release|Any CPU.Build.0 = Release|Any CPU
	EndGlobalSection
	GlobalSection(SolutionProperties) = preSolution
		HideSolutionNode = FALSE
	EndGlobalSection
	GlobalSection(NestedProjects) = preSolution
		{369B5F00-0A8F-45F8-89E6-F1468B19FB4E} = {7D317CFC-0C1A-4D10-AF8D-3F4C970E9CF0}
		{31D635DD-CBE6-46A7-BC67-D10690BBD8F6} = {7D317CFC-0C1A-4D10-AF8D-3F4C970E9CF0}
		{8A45CDFE-2325-486E-849E-A76E94351205} = {7D317CFC-0C1A-4D10-AF8D-3F4C970E9CF0}
		{8A23671D-1428-4144-B59C-AAAA1B270CD0} = {369B5F00-0A8F-45F8-89E6-F1468B19FB4E}
		{B3CA07B1-8A8F-4E66-AA1D-F557AAD2B520} = {31D635DD-CBE6-46A7-BC67-D10690BBD8F6}
		{8EF0975E-48EE-4253-B4FB-6F404539C74A} = {31D635DD-CBE6-46A7-BC67-D10690BBD8F6}
		{80884254-18B2-4DE6-ADC9-E117E97FD3B6} = {8A45CDFE-2325-486E-849E-A76E94351205}
		{C3FA8178-8445-4E7F-94F4-D46D5EB3F62A} = {8A45CDFE-2325-486E-849E-A76E94351205}
		{E167D73F-4D98-4CC2-9A53-DE6A5B0F8241} = {91398C71-0686-4F41-A2D0-7993D95A9E99}
	EndGlobalSection
	GlobalSection(ExtensibilityGlobals) = postSolution
		SolutionGuid = {1C9CD481-FDAD-4702-8B2B-5D828ACBC04C}
	EndGlobalSection
EndGlobal
